
Microsoft Visual Studio Solution File, Format Version 12.00
# Visual Studio Version 16
VisualStudioVersion = 16.0.31019.35
MinimumVisualStudioVersion = 10.0.40219.1
Project("{FAE04EC0-301F-11D3-BF4B-00C04F79EFBC}") = "ArrayTasks", "ArrayTasks\ArrayTasks.csproj", "{77A62F36-F1DE-4E1F-8A45-A0E0F6D30B8B}"
EndProject
Global
	GlobalSection(SolutionConfigurationPlatforms) = preSolution
		Debug|Any CPU = Debug|Any CPU
		Release|Any CPU = Release|Any CPU
	EndGlobalSection
	GlobalSection(ProjectConfigurationPlatforms) = postSolution
		{77A62F36-F1DE-4E1F-8A45-A0E0F6D30B8B}.Debug|Any CPU.ActiveCfg = Debug|Any CPU
		{77A62F36-F1DE-4E1F-8A45-A0E0F6D30B8B}.Debug|Any CPU.Build.0 = Debug|Any CPU
		{77A62F36-F1DE-4E1F-8A45-A0E0F6D30B8B}.Release|Any CPU.ActiveCfg = Release|Any CPU
		{77A62F36-F1DE-4E1F-8A45-A0E0F6D30B8B}.Release|Any CPU.Build.0 = Release|Any CPU
	EndGlobalSection
	GlobalSection(SolutionProperties) = preSolution
		HideSolutionNode = FALSE
	EndGlobalSection
	GlobalSection(ExtensibilityGlobals) = postSolution
		SolutionGuid = {0827D911-C776-447E-BA05-CDCF48AF2DCB}
	EndGlobalSection
EndGlobal
